
Microsoft Visual Studio Solution File, Format Version 12.00
# Visual Studio 15
VisualStudioVersion = 15.0.28010.2041
MinimumVisualStudioVersion = 10.0.40219.1
Project("{FAE04EC0-301F-11D3-BF4B-00C04F79EFBC}") = "Foodcourt", "Foodcourt\Foodcourt.csproj", "{DB1D1F50-E6F5-4318-B6CE-63CCC76CD8E6}"
EndProject
Project("{FAE04EC0-301F-11D3-BF4B-00C04F79EFBC}") = "DAL", "DAL\DAL.csproj", "{8644135F-6429-4AD3-ADD4-8BADD840B589}"
EndProject
Global
	GlobalSection(SolutionConfigurationPlatforms) = preSolution
		Debug|Any CPU = Debug|Any CPU
		DebugLocal|Any CPU = DebugLocal|Any CPU
		Release|Any CPU = Release|Any CPU
	EndGlobalSection
	GlobalSection(ProjectConfigurationPlatforms) = postSolution
		{DB1D1F50-E6F5-4318-B6CE-63CCC76CD8E6}.Debug|Any CPU.ActiveCfg = Debug|Any CPU
		{DB1D1F50-E6F5-4318-B6CE-63CCC76CD8E6}.Debug|Any CPU.Build.0 = Debug|Any CPU
		{DB1D1F50-E6F5-4318-B6CE-63CCC76CD8E6}.DebugLocal|Any CPU.ActiveCfg = Debug|Any CPU
		{DB1D1F50-E6F5-4318-B6CE-63CCC76CD8E6}.DebugLocal|Any CPU.Build.0 = Debug|Any CPU
		{DB1D1F50-E6F5-4318-B6CE-63CCC76CD8E6}.Release|Any CPU.ActiveCfg = Release|Any CPU
		{DB1D1F50-E6F5-4318-B6CE-63CCC76CD8E6}.Release|Any CPU.Build.0 = Release|Any CPU
		{8644135F-6429-4AD3-ADD4-8BADD840B589}.Debug|Any CPU.ActiveCfg = Debug|Any CPU
		{8644135F-6429-4AD3-ADD4-8BADD840B589}.Debug|Any CPU.Build.0 = Debug|Any CPU
		{8644135F-6429-4AD3-ADD4-8BADD840B589}.DebugLocal|Any CPU.ActiveCfg = Debug|Any CPU
		{8644135F-6429-4AD3-ADD4-8BADD840B589}.DebugLocal|Any CPU.Build.0 = Debug|Any CPU
		{8644135F-6429-4AD3-ADD4-8BADD840B589}.Release|Any CPU.ActiveCfg = Release|Any CPU
		{8644135F-6429-4AD3-ADD4-8BADD840B589}.Release|Any CPU.Build.0 = Release|Any CPU
	EndGlobalSection
	GlobalSection(SolutionProperties) = preSolution
		HideSolutionNode = FALSE
	EndGlobalSection
	GlobalSection(ExtensibilityGlobals) = postSolution
		SolutionGuid = {AEFE4E2D-E136-442D-A14B-1511442282A6}
	EndGlobalSection
EndGlobal
